#MicroXplorer Configuration settings - do not modify
Mcu.Family=STM32F4
Dma.SPI1_TX.4.MemInc=DMA_MINC_ENABLE
Dma.I2S2_EXT_RX.1.PeriphInc=DMA_PINC_DISABLE
ProjectManager.MainLocation=Core/Src
PA2.GPIO_PuPd=GPIO_PULLUP
PB13.GPIOParameters=GPIO_Label
Dma.SPI2_TX.0.MemInc=DMA_MINC_ENABLE
PH0-OSC_IN.Signal=RCC_OSC_IN
RCC.CortexFreq_Value=168000000
SPI3.Direction=SPI_DIRECTION_2LINES
SPI3.VirtualType=VM_MASTER
ProjectManager.KeepUserCode=true
Mcu.UserName=STM32F407ZGTx
SPI1.VirtualType=VM_MASTER
Dma.SPI3_TX.3.MemDataAlignment=DMA_MDATAALIGN_BYTE
Dma.SPI3_RX.2.Instance=DMA1_Stream0
RCC.PLLCLKFreq_Value=168000000
PC10.Signal=SPI3_SCK
PC12.Signal=SPI3_MOSI
PB14.GPIO_Label=I2S_SDIN
RCC.PLLQCLKFreq_Value=84000000
ProjectManager.functionlistsort=1-MX_GPIO_Init-GPIO-false-HAL-true,2-MX_DMA_Init-DMA-false-HAL-true,3-SystemClock_Config-RCC-false-HAL-false,4-MX_I2S2_Init-I2S2-false-HAL-true,5-MX_SPI3_Init-SPI3-false-HAL-true,6-MX_SPI1_Init-SPI1-false-HAL-true
PC6.GPIO_Label=I2S_MCK
RCC.RTCFreq_Value=32000
Dma.SPI3_RX.2.Direction=DMA_PERIPH_TO_MEMORY
PA6.GPIO_Label=FPGA_READY
PD2.Locked=true
PD2.GPIOParameters=GPIO_Label
Dma.SPI2_TX.0.RequestParameters=Instance,Direction,PeriphInc,MemInc,PeriphDataAlignment,MemDataAlignment,Mode,Priority,FIFOMode
PB13.GPIO_Label=I2S_SCK
NVIC.DMA1_Stream4_IRQn=true\:0\:0\:false\:false\:true\:false\:true
PB13.Signal=I2S2_CK
PB15.Signal=I2S2_SD
PA2.GPIOParameters=GPIO_PuPd,GPIO_Label
Dma.SPI2_TX.0.Instance=DMA1_Stream4
PinOutPanel.RotationAngle=0
Dma.SPI3_RX.2.PeriphDataAlignment=DMA_PDATAALIGN_BYTE
RCC.SYSCLKSource=RCC_SYSCLKSOURCE_PLLCLK
ProjectManager.StackSize=0x400
Dma.SPI2_TX.0.MemDataAlignment=DMA_MDATAALIGN_HALFWORD
Mcu.IP4=SPI1
RCC.FCLKCortexFreq_Value=168000000
Mcu.IP5=SPI3
Mcu.IP2=NVIC
NVIC.SVCall_IRQn=true\:0\:0\:false\:false\:true\:false\:false
Mcu.IP3=RCC
Mcu.IP0=DMA
Dma.I2S2_EXT_RX.1.Instance=DMA1_Stream3
Mcu.IP1=I2S2
Mcu.UserConstants=
SPI3.CLKPolarity=SPI_POLARITY_LOW
Mcu.ThirdPartyNb=0
SPI1.Direction=SPI_DIRECTION_1LINE
RCC.HCLKFreq_Value=168000000
Mcu.IPNb=7
RCC.I2SClocksFreq_Value=45142857.14285714
ProjectManager.PreviousToolchain=
RCC.APB2TimFreq_Value=168000000
RCC.VcooutputI2S=45142857.14285714
SPI1.CalculateBaudRate=10.5 MBits/s
Mcu.Pin6=PA5
Mcu.Pin7=PA6
Mcu.Pin8=PA7
Mcu.Pin9=PB12
Dma.SPI2_TX.0.Mode=DMA_CIRCULAR
PA1.GPIO_PuPd=GPIO_PULLUP
RCC.AHBFreq_Value=168000000
PH0-OSC_IN.Mode=HSE-External-Oscillator
PB13.Locked=true
Mcu.Pin0=PH0-OSC_IN
Mcu.Pin1=PH1-OSC_OUT
GPIO.groupedBy=
Mcu.Pin2=PA0-WKUP
Mcu.Pin3=PA1
Mcu.Pin4=PA2
PA0-WKUP.GPIOParameters=GPIO_PuPd,GPIO_Label,GPIO_ModeDefaultEXTI
Mcu.Pin5=PA4
ProjectManager.ProjectBuild=false
RCC.HSE_VALUE=25000000
NVIC.UsageFault_IRQn=true\:0\:0\:false\:false\:true\:false\:false
Dma.SPI3_TX.3.PeriphInc=DMA_PINC_DISABLE
NVIC.DebugMonitor_IRQn=true\:0\:0\:false\:false\:true\:false\:false
PA4.Locked=true
NVIC.SysTick_IRQn=true\:0\:0\:false\:false\:true\:false\:true
PB12.GPIO_Label=I2S_LRCLK
ProjectManager.FirmwarePackage=STM32Cube FW_F4 V1.25.2
MxDb.Version=DB.6.0.0
Dma.SPI1_TX.4.FIFOMode=DMA_FIFOMODE_DISABLE
PA6.GPIO_PuPd=GPIO_PULLDOWN
Dma.SPI3_TX.3.Priority=DMA_PRIORITY_HIGH
PA1.GPIOParameters=GPIO_PuPd,GPIO_Label
ProjectManager.BackupPrevious=false
RCC.VCOInputFreq_Value=1000000
PG12.GPIOParameters=GPIO_Label
PB14.Mode=Full_Duplex_Master
PC11.GPIO_Label=SPI_MISO
SPI1.DataSize=SPI_DATASIZE_8BIT
File.Version=6
Dma.I2S2_EXT_RX.1.MemInc=DMA_MINC_ENABLE
I2S2.IPParameters=Instance,VirtualMode,FullDuplexMode,RealAudioFreq,ErrorAudioFreq,AudioFreq,Standard
Dma.SPI1_TX.4.MemDataAlignment=DMA_MDATAALIGN_BYTE
NVIC.PendSV_IRQn=true\:0\:0\:false\:false\:true\:false\:false
Dma.RequestsNb=5
ProjectManager.HalAssertFull=false
Dma.SPI3_RX.2.FIFOMode=DMA_FIFOMODE_DISABLE
ProjectManager.ProjectName=fir-player
PH1-OSC_OUT.Mode=HSE-External-Oscillator
RCC.MCO2PinFreq_Value=168000000
Mcu.Package=LQFP144
PA6.Signal=GPIO_Input
PB12.Mode=Full_Duplex_Master
SPI3.Mode=SPI_MODE_MASTER
Dma.SPI1_TX.4.Direction=DMA_MEMORY_TO_PERIPH
ProjectManager.ToolChainLocation=
PA2.GPIO_Label=ENC_BTN
RCC.LSI_VALUE=32000
SH.GPXTI0.0=GPIO_EXTI0
VP_SYS_VS_Systick.Signal=SYS_VS_Systick
Dma.I2S2_EXT_RX.1.PeriphDataAlignment=DMA_PDATAALIGN_HALFWORD
PA5.GPIOParameters=GPIO_Label
PC11.Mode=Full_Duplex_Master
PB14.GPIOParameters=GPIO_Label
Dma.SPI3_RX.2.PeriphInc=DMA_PINC_DISABLE
Dma.SPI2_TX.0.PeriphInc=DMA_PINC_DISABLE
RCC.APB2CLKDivider=RCC_HCLK_DIV2
Dma.SPI3_RX.2.Priority=DMA_PRIORITY_HIGH
Dma.Request2=SPI3_RX
Dma.Request1=I2S2_EXT_RX
RCC.APB1TimFreq_Value=84000000
Dma.Request4=SPI1_TX
Dma.I2S2_EXT_RX.1.Priority=DMA_PRIORITY_LOW
Dma.Request3=SPI3_TX
NVIC.BusFault_IRQn=true\:0\:0\:false\:false\:true\:false\:false
NVIC.DMA1_Stream0_IRQn=true\:0\:0\:false\:false\:true\:false\:true
SPI3.IPParameters=VirtualType,Mode,Direction,CalculateBaudRate,CLKPolarity,BaudRatePrescaler
PB13.Mode=Full_Duplex_Master
Dma.Request0=SPI2_TX
SPI1.BaudRatePrescaler=SPI_BAUDRATEPRESCALER_8
PA4.GPIO_Label=FIR_LOAD
ProjectManager.CustomerFirmwarePackage=
Dma.SPI1_TX.4.RequestParameters=Instance,Direction,PeriphInc,MemInc,PeriphDataAlignment,MemDataAlignment,Mode,Priority,FIFOMode
PB15.Locked=true
PA5.Mode=Simplex_Bidirectional_Master
PG12.Signal=GPIO_Output
PA2.Locked=true
Dma.SPI3_TX.3.Mode=DMA_NORMAL
Dma.SPI3_TX.3.MemInc=DMA_MINC_ENABLE
PA6.GPIOParameters=GPIO_PuPd,GPIO_Label
RCC.PLLSourceVirtual=RCC_PLLSOURCE_HSE
Dma.SPI3_RX.2.RequestParameters=Instance,Direction,PeriphInc,MemInc,PeriphDataAlignment,MemDataAlignment,Mode,Priority,FIFOMode
I2S2.AudioFreq=I2S_AUDIOFREQ_44K
ProjectManager.ProjectFileName=fir-player.ioc
PA7.Mode=Simplex_Bidirectional_Master
I2S2.Instance=SPI$Index
PC10.GPIO_Label=SPI_SCK
Mcu.PinsNb=20
ProjectManager.NoMain=false
PC11.Locked=true
SPI1.IPParameters=VirtualType,Mode,Direction,CalculateBaudRate,BaudRatePrescaler,DataSize
PC11.Signal=SPI3_MISO
Dma.SPI1_TX.4.PeriphDataAlignment=DMA_PDATAALIGN_BYTE
PC6.Signal=I2S2_MCK
PC10.Mode=Full_Duplex_Master
SH.GPXTI0.ConfNb=1
ProjectManager.DefaultFWLocation=true
ProjectManager.DeletePrevious=true
PB14.Locked=true
RCC.APB1CLKDivider=RCC_HCLK_DIV4
PC11.GPIOParameters=GPIO_Label
Dma.SPI1_TX.4.Instance=DMA2_Stream3
PA0-WKUP.GPIO_ModeDefaultEXTI=GPIO_MODE_IT_FALLING
RCC.FamilyName=M
PA0-WKUP.GPIO_Label=ENC_INT
PA0-WKUP.Signal=GPXTI0
PA0-WKUP.Locked=true
PC12.GPIOParameters=GPIO_Label
Dma.I2S2_EXT_RX.1.Mode=DMA_CIRCULAR
Dma.SPI3_TX.3.RequestParameters=Instance,Direction,PeriphInc,MemInc,PeriphDataAlignment,MemDataAlignment,Mode,Priority,FIFOMode
ProjectManager.TargetToolchain=MDK-ARM V5
NVIC.DMA1_Stream5_IRQn=true\:0\:0\:false\:false\:true\:false\:true
PC6.Mode=Master_Clock_Activated
Dma.I2S2_EXT_RX.1.RequestParameters=Instance,Direction,PeriphInc,MemInc,PeriphDataAlignment,MemDataAlignment,Mode,Priority,FIFOMode
I2S2.VirtualMode=I2S_MODE_MASTER
ProjectManager.RegisterCallBack=
NVIC.DMA2_Stream3_IRQn=true\:0\:0\:false\:false\:true\:false\:true
RCC.LSE_VALUE=32768
PA1.Signal=GPIO_Input
RCC.VCOI2SOutputFreq_Value=316000000
PB14.Signal=I2S2_ext_SD
PA5.Signal=SPI1_SCK
Dma.I2S2_EXT_RX.1.FIFOMode=DMA_FIFOMODE_DISABLE
PC12.Mode=Full_Duplex_Master
board=custom
Dma.SPI3_TX.3.FIFOMode=DMA_FIFOMODE_DISABLE
RCC.VCOOutputFreq_Value=336000000
ProjectManager.LastFirmware=true
PB15.Mode=Full_Duplex_Master
Dma.SPI3_TX.3.Direction=DMA_MEMORY_TO_PERIPH
RCC.APB2Freq_Value=84000000
SPI3.CalculateBaudRate=2.625 MBits/s
MxCube.Version=6.0.1
PB15.GPIO_Label=I2S_SDOUT
SPI1.Mode=SPI_MODE_MASTER
Dma.SPI2_TX.0.PeriphDataAlignment=DMA_PDATAALIGN_HALFWORD
SPI3.BaudRatePrescaler=SPI_BAUDRATEPRESCALER_16
PA1.GPIO_Label=ENC_SENSE
VP_SYS_VS_Systick.Mode=SysTick
RCC.EthernetFreq_Value=168000000
Dma.SPI3_TX.3.PeriphDataAlignment=DMA_PDATAALIGN_BYTE
PH1-OSC_OUT.Signal=RCC_OSC_OUT
NVIC.NonMaskableInt_IRQn=true\:0\:0\:false\:false\:true\:false\:false
PA4.GPIOParameters=GPIO_Label
PC10.GPIOParameters=GPIO_Label
PB15.GPIOParameters=GPIO_Label
ProjectManager.FreePins=false
RCC.IPParameters=48MHZClocksFreq_Value,AHBFreq_Value,APB1CLKDivider,APB1Freq_Value,APB1TimFreq_Value,APB2CLKDivider,APB2Freq_Value,APB2TimFreq_Value,CortexFreq_Value,EthernetFreq_Value,FCLKCortexFreq_Value,FamilyName,HCLKFreq_Value,HSE_VALUE,HSI_VALUE,I2SClocksFreq_Value,LSE_VALUE,LSI_VALUE,MCO2PinFreq_Value,PLLCLKFreq_Value,PLLI2SN,PLLI2SR,PLLM,PLLN,PLLQCLKFreq_Value,PLLSourceVirtual,RTCFreq_Value,RTCHSEDivFreq_Value,SYSCLKFreq_VALUE,SYSCLKSource,VCOI2SOutputFreq_Value,VCOInputFreq_Value,VCOOutputFreq_Value,VcooutputI2S
Dma.SPI3_RX.2.Mode=DMA_NORMAL
ProjectManager.AskForMigrate=true
Mcu.Name=STM32F407Z(E-G)Tx
Dma.SPI2_TX.0.FIFOMode=DMA_FIFOMODE_DISABLE
RCC.RTCHSEDivFreq_Value=12500000
PA2.Signal=GPIO_Input
ProjectManager.UnderRoot=false
I2S2.FullDuplexMode=I2S_FULLDUPLEXMODE_ENABLE
Mcu.IP6=SYS
Dma.SPI1_TX.4.PeriphInc=DMA_PINC_DISABLE
ProjectManager.CoupleFile=true
RCC.48MHZClocksFreq_Value=84000000
Dma.SPI1_TX.4.Priority=DMA_PRIORITY_LOW
NVIC.EXTI0_IRQn=true\:0\:0\:false\:false\:true\:true\:true
PA4.Signal=GPIO_Output
Dma.SPI2_TX.0.Priority=DMA_PRIORITY_HIGH
RCC.SYSCLKFreq_VALUE=168000000
PA7.GPIO_Label=FIR_DO
PA1.Locked=true
PA5.GPIO_Label=FIR_SCK
I2S2.ErrorAudioFreq=0.19 %
NVIC.ForceEnableDMAVector=true
KeepUserPlacement=false
PG12.Locked=true
Dma.SPI3_RX.2.MemInc=DMA_MINC_ENABLE
NVIC.MemoryManagement_IRQn=true\:0\:0\:false\:false\:true\:false\:false
PC12.GPIO_Label=SPI_MOSI
ProjectManager.CompilerOptimize=6
ProjectManager.HeapSize=0x200
Mcu.Pin15=PC11
NVIC.HardFault_IRQn=true\:0\:0\:false\:false\:true\:false\:false
Mcu.Pin16=PC12
Dma.SPI1_TX.4.Mode=DMA_NORMAL
Mcu.Pin13=PC6
Mcu.Pin14=PC10
PC6.GPIOParameters=GPIO_Label
Mcu.Pin19=VP_SYS_VS_Systick
PG12.GPIO_Label=SPI_CS
ProjectManager.ComputerToolchain=false
Mcu.Pin17=PD2
RCC.HSI_VALUE=16000000
Mcu.Pin18=PG12
Dma.I2S2_EXT_RX.1.Direction=DMA_PERIPH_TO_MEMORY
NVIC.PriorityGroup=NVIC_PRIORITYGROUP_4
Mcu.Pin11=PB14
Mcu.Pin12=PB15
RCC.PLLM=25
RCC.PLLN=336
Mcu.Pin10=PB13
Dma.SPI3_TX.3.Instance=DMA1_Stream5
PA0-WKUP.GPIO_PuPd=GPIO_PULLUP
NVIC.DMA1_Stream3_IRQn=true\:0\:0\:false\:false\:true\:false\:true
Dma.SPI3_RX.2.MemDataAlignment=DMA_MDATAALIGN_BYTE
PD2.Signal=GPIO_Output
Dma.SPI2_TX.0.Direction=DMA_MEMORY_TO_PERIPH
Dma.I2S2_EXT_RX.1.MemDataAlignment=DMA_MDATAALIGN_HALFWORD
RCC.APB1Freq_Value=42000000
RCC.PLLI2SR=7
I2S2.RealAudioFreq=44.084 KHz
I2S2.Standard=I2S_STANDARD_MSB
PA7.GPIOParameters=GPIO_Label
RCC.PLLI2SN=316
ProjectManager.DeviceId=STM32F407ZGTx
PB12.GPIOParameters=GPIO_Label
PD2.GPIO_Label=I2S_EN
PB12.Signal=I2S2_WS
ProjectManager.LibraryCopy=1
PA7.Signal=SPI1_MOSI
PA6.Locked=true
